
Microsoft Visual Studio Solution File, Format Version 12.00
# Visual Studio 14
VisualStudioVersion = 14.0.25420.1
MinimumVisualStudioVersion = 10.0.40219.1
Project("{FAE04EC0-301F-11D3-BF4B-00C04F79EFBC}") = "Example_2208", "Example_2208\Example_2208.csproj", "{B0C7697B-B4F4-4DD2-99C3-205BE1632C05}"
EndProject
Global
	GlobalSection(SolutionConfigurationPlatforms) = preSolution
		Debug|Any CPU = Debug|Any CPU
		Release|Any CPU = Release|Any CPU
	EndGlobalSection
	GlobalSection(ProjectConfigurationPlatforms) = postSolution
		{B0C7697B-B4F4-4DD2-99C3-205BE1632C05}.Debug|Any CPU.ActiveCfg = Debug|Any CPU
		{B0C7697B-B4F4-4DD2-99C3-205BE1632C05}.Debug|Any CPU.Build.0 = Debug|Any CPU
		{B0C7697B-B4F4-4DD2-99C3-205BE1632C05}.Release|Any CPU.ActiveCfg = Release|Any CPU
		{B0C7697B-B4F4-4DD2-99C3-205BE1632C05}.Release|Any CPU.Build.0 = Release|Any CPU
	EndGlobalSection
	GlobalSection(SolutionProperties) = preSolution
		HideSolutionNode = FALSE
	EndGlobalSection
EndGlobal
