
Microsoft Visual Studio Solution File, Format Version 12.00
# Visual Studio 14
VisualStudioVersion = 14.0.25420.1
MinimumVisualStudioVersion = 10.0.40219.1
Project("{FAE04EC0-301F-11D3-BF4B-00C04F79EFBC}") = "ExampleADO_2308", "ExampleADO_2308\ExampleADO_2308.csproj", "{CE609F5A-95CF-488B-A3DD-9B66B26CE991}"
EndProject
Global
	GlobalSection(SolutionConfigurationPlatforms) = preSolution
		Debug|Any CPU = Debug|Any CPU
		Release|Any CPU = Release|Any CPU
	EndGlobalSection
	GlobalSection(ProjectConfigurationPlatforms) = postSolution
		{CE609F5A-95CF-488B-A3DD-9B66B26CE991}.Debug|Any CPU.ActiveCfg = Debug|Any CPU
		{CE609F5A-95CF-488B-A3DD-9B66B26CE991}.Debug|Any CPU.Build.0 = Debug|Any CPU
		{CE609F5A-95CF-488B-A3DD-9B66B26CE991}.Release|Any CPU.ActiveCfg = Release|Any CPU
		{CE609F5A-95CF-488B-A3DD-9B66B26CE991}.Release|Any CPU.Build.0 = Release|Any CPU
	EndGlobalSection
	GlobalSection(SolutionProperties) = preSolution
		HideSolutionNode = FALSE
	EndGlobalSection
EndGlobal
